<?xml version="1.0" encoding="utf-8"?>
<Project ToolsVersion="4.0" xmlns="http://schemas.microsoft.com/developer/msbuild/2003">
  <ItemGroup>
    <Filter Include="Исходные файлы">
      <UniqueIdentifier>{4FC737F1-C7A5-4376-A066-2A32D752A2FF}</UniqueIdentifier>
      <Extensions>cpp;c;cc;cxx;c++;cppm;ixx;def;odl;idl;hpj;bat;asm;asmx</Extensions>
    </Filter>
    <Filter Include="Файлы заголовков">
      <UniqueIdentifier>{93995380-89BD-4b04-88EB-625FBE52EBFB}</UniqueIdentifier>
      <Extensions>h;hh;hpp;hxx;h++;hm;inl;inc;ipp;xsd</Extensions>
    </Filter>
    <Filter Include="Файлы ресурсов">
      <UniqueIdentifier>{67DA6AB6-F800-4c08-8B7A-83BB121AAD01}</UniqueIdentifier>
      <Extensions>rc;ico;cur;bmp;dlg;rc2;rct;bin;rgs;gif;jpg;jpeg;jpe;resx;tiff;tif;png;wav;mfcribbon-ms</Extensions>
    </Filter>
  </ItemGroup>
  <ItemGroup>
    <ClCompile Include="main.cpp">
      <Filter>Исходные файлы</Filter>
    </ClCompile>
    <ClCompile Include="Calculator.cpp">
      <Filter>Файлы ресурсов</Filter>
    </ClCompile>
    <ClCompile Include="tests.cpp">
      <Filter>Файлы ресурсов</Filter>
    </ClCompile>
    <ClCompile Include="plugins\funcSub.cpp">
      <Filter>Исходные файлы</Filter>
    </ClCompile>
    <ClCompile Include="plugins\funcMul.cpp">
      <Filter>Исходные файлы</Filter>
    </ClCompile>
    <ClCompile Include="plugins\funcDiv.cpp">
      <Filter>Исходные файлы</Filter>
    </ClCompile>
    <ClCompile Include="plugins\funcPow.cpp">
      <Filter>Исходные файлы</Filter>
    </ClCompile>
    <ClCompile Include="plugins\funcSqrt.cpp">
      <Filter>Исходные файлы</Filter>
    </ClCompile>
    <ClCompile Include="plugins\funcSin.cpp">
      <Filter>Исходные файлы</Filter>
    </ClCompile>
    <ClCompile Include="plugins\funcCos.cpp">
      <Filter>Исходные файлы</Filter>
    </ClCompile>
    <ClCompile Include="plugins\funcLn.cpp">
      <Filter>Исходные файлы</Filter>
    </ClCompile>
    <ClCompile Include="plugins\funcTg.cpp">
      <Filter>Исходные файлы</Filter>
    </ClCompile>
    <ClCompile Include="plugins\funcCtg.cpp">
      <Filter>Исходные файлы</Filter>
    </ClCompile>
    <ClCompile Include="plugins\funcMod.cpp">
      <Filter>Исходные файлы</Filter>
    </ClCompile>
    <ClCompile Include="plugins\funcDivInt.cpp">
      <Filter>Исходные файлы</Filter>
    </ClCompile>
    <ClCompile Include="Parser.cpp">
      <Filter>Исходные файлы</Filter>
    </ClCompile>
    <ClCompile Include="ExpressionEvaluator.cpp">
      <Filter>Исходные файлы</Filter>
    </ClCompile>
    <ClCompile Include="PluginLoader.cpp">
      <Filter>Исходные файлы</Filter>
    </ClCompile>
  </ItemGroup>
  <ItemGroup>
    <ClInclude Include="Calculator.h">
      <Filter>Файлы заголовков</Filter>
    </ClInclude>
    <ClInclude Include="tests.h">
      <Filter>Файлы заголовков</Filter>
    </ClInclude>
    <ClInclude Include="Parser.h">
      <Filter>Файлы заголовков</Filter>
    </ClInclude>
    <ClInclude Include="ExpressionEvaluator.h">
      <Filter>Файлы заголовков</Filter>
    </ClInclude>
    <ClInclude Include="PluginLoader.h">
      <Filter>Файлы заголовков</Filter>
    </ClInclude>
  </ItemGroup>
  <ItemGroup>
    <None Include="x64\Debug\Dynamic_Calculator.exe" />
    <None Include="x64\Debug\Dynamic_Calculator.exp" />
    <None Include="plugins\debug\funcAdd.dll" />
    <None Include="plugins\debug\funcCos.dll" />
    <None Include="plugins\debug\funcDeg.dll" />
    <None Include="plugins\debug\funcDiv.dll" />
    <None Include="plugins\debug\funcMul.dll" />
    <None Include="plugins\debug\funcSin.dll" />
    <None Include="plugins\debug\funcSqrt.dll" />
    <None Include="plugins\debug\funcSub.dll" />
    <None Include="plugins\release\funcAdd.dll" />
    <None Include="plugins\release\funcCos.dll" />
    <None Include="plugins\release\funcDeg.dll" />
    <None Include="plugins\release\funcDiv.dll" />
    <None Include="plugins\release\funcMul.dll" />
    <None Include="plugins\release\funcSin.dll" />
    <None Include="plugins\release\funcSqrt.dll" />
    <None Include="plugins\release\funcSub.dll" />
  </ItemGroup>
  <ItemGroup>
    <PackageLayout Include="plugins\funcAdd.dll" />
    <PackageLayout Include="plugins\funcAdd.cpp">
      <Filter>Исходные файлы</Filter>
    </PackageLayout>
  </ItemGroup>
</Project>